
Microsoft Visual Studio Solution File, Format Version 12.00
# Visual Studio Version 17
VisualStudioVersion = 17.11.35208.52
MinimumVisualStudioVersion = 10.0.40219.1
Project("{FAE04EC0-301F-11D3-BF4B-00C04F79EFBC}") = "MayorTresNumeros", "MayorTresNumeros.csproj", "{FB43471B-ABE5-4D5B-AF12-C77AE84F1D9A}"
EndProject
Global
	GlobalSection(SolutionConfigurationPlatforms) = preSolution
		Debug|Any CPU = Debug|Any CPU
		Release|Any CPU = Release|Any CPU
	EndGlobalSection
	GlobalSection(ProjectConfigurationPlatforms) = postSolution
		{FB43471B-ABE5-4D5B-AF12-C77AE84F1D9A}.Debug|Any CPU.ActiveCfg = Debug|Any CPU
		{FB43471B-ABE5-4D5B-AF12-C77AE84F1D9A}.Debug|Any CPU.Build.0 = Debug|Any CPU
		{FB43471B-ABE5-4D5B-AF12-C77AE84F1D9A}.Release|Any CPU.ActiveCfg = Release|Any CPU
		{FB43471B-ABE5-4D5B-AF12-C77AE84F1D9A}.Release|Any CPU.Build.0 = Release|Any CPU
	EndGlobalSection
	GlobalSection(SolutionProperties) = preSolution
		HideSolutionNode = FALSE
	EndGlobalSection
	GlobalSection(ExtensibilityGlobals) = postSolution
		SolutionGuid = {4FDAA6AC-2EED-4428-9F01-BAB2F02AB799}
	EndGlobalSection
EndGlobal
